
Microsoft Visual Studio Solution File, Format Version 12.00
# Visual Studio 15
VisualStudioVersion = 15.0.27428.2005
MinimumVisualStudioVersion = 10.0.40219.1
Project("{FAE04EC0-301F-11D3-BF4B-00C04F79EFBC}") = "Menú", "Menú\Menú.csproj", "{ACC50631-77D5-46D5-91AB-6EEE9EFC5333}"
EndProject
Global
	GlobalSection(SolutionConfigurationPlatforms) = preSolution
		Debug|Any CPU = Debug|Any CPU
		Release|Any CPU = Release|Any CPU
	EndGlobalSection
	GlobalSection(ProjectConfigurationPlatforms) = postSolution
		{ACC50631-77D5-46D5-91AB-6EEE9EFC5333}.Debug|Any CPU.ActiveCfg = Debug|Any CPU
		{ACC50631-77D5-46D5-91AB-6EEE9EFC5333}.Debug|Any CPU.Build.0 = Debug|Any CPU
		{ACC50631-77D5-46D5-91AB-6EEE9EFC5333}.Release|Any CPU.ActiveCfg = Release|Any CPU
		{ACC50631-77D5-46D5-91AB-6EEE9EFC5333}.Release|Any CPU.Build.0 = Release|Any CPU
	EndGlobalSection
	GlobalSection(SolutionProperties) = preSolution
		HideSolutionNode = FALSE
	EndGlobalSection
	GlobalSection(ExtensibilityGlobals) = postSolution
		SolutionGuid = {E93AA824-AEF0-48BD-8FD0-DDF57D579BE2}
	EndGlobalSection
EndGlobal
